
Microsoft Visual Studio Solution File, Format Version 12.00
# Visual Studio Version 16
VisualStudioVersion = 16.0.29509.3
MinimumVisualStudioVersion = 10.0.40219.1
Project("{9A19103F-16F7-4668-BE54-9A1E7A4F7556}") = "ShitLeopard.Api", "ShitLeopard.Api\ShitLeopard.Api.csproj", "{0C44EC32-DBCF-4398-9D9B-CABE8100F8D2}"
EndProject
Project("{2150E333-8FDC-42A3-9474-1A3956D46DE8}") = "src", "src", "{E55C8822-5E58-4470-86C8-DE2B42063F5E}"
EndProject
Project("{2150E333-8FDC-42A3-9474-1A3956D46DE8}") = "tests", "tests", "{BB94BD65-F88A-4368-BA8F-0B6AA13D7153}"
EndProject
Project("{9A19103F-16F7-4668-BE54-9A1E7A4F7556}") = "ShitLeopard.DataLoader", "ShitLeopard.DataLoader\ShitLeopard.DataLoader.csproj", "{53D5C7FF-B2ED-4D29-BDF6-9C04FD4ED07F}"
EndProject
Project("{9A19103F-16F7-4668-BE54-9A1E7A4F7556}") = "ShitLeopard.Common", "ShitLeopard.Common\ShitLeopard.Common.csproj", "{9C1B93A5-8A72-40BC-8450-1837F79A8F6F}"
EndProject
Project("{2150E333-8FDC-42A3-9474-1A3956D46DE8}") = "common", "common", "{42E61973-2AED-43BB-985F-555E685CC45A}"
	ProjectSection(SolutionItems) = preProject
		Build.ps1 = Build.ps1
	EndProjectSection
EndProject
Global
	GlobalSection(SolutionConfigurationPlatforms) = preSolution
		Debug|Any CPU = Debug|Any CPU
		Release|Any CPU = Release|Any CPU
	EndGlobalSection
	GlobalSection(ProjectConfigurationPlatforms) = postSolution
		{0C44EC32-DBCF-4398-9D9B-CABE8100F8D2}.Debug|Any CPU.ActiveCfg = Debug|Any CPU
		{0C44EC32-DBCF-4398-9D9B-CABE8100F8D2}.Debug|Any CPU.Build.0 = Debug|Any CPU
		{0C44EC32-DBCF-4398-9D9B-CABE8100F8D2}.Release|Any CPU.ActiveCfg = Release|Any CPU
		{0C44EC32-DBCF-4398-9D9B-CABE8100F8D2}.Release|Any CPU.Build.0 = Release|Any CPU
		{53D5C7FF-B2ED-4D29-BDF6-9C04FD4ED07F}.Debug|Any CPU.ActiveCfg = Debug|Any CPU
		{53D5C7FF-B2ED-4D29-BDF6-9C04FD4ED07F}.Debug|Any CPU.Build.0 = Debug|Any CPU
		{53D5C7FF-B2ED-4D29-BDF6-9C04FD4ED07F}.Release|Any CPU.ActiveCfg = Release|Any CPU
		{53D5C7FF-B2ED-4D29-BDF6-9C04FD4ED07F}.Release|Any CPU.Build.0 = Release|Any CPU
		{9C1B93A5-8A72-40BC-8450-1837F79A8F6F}.Debug|Any CPU.ActiveCfg = Debug|Any CPU
		{9C1B93A5-8A72-40BC-8450-1837F79A8F6F}.Debug|Any CPU.Build.0 = Debug|Any CPU
		{9C1B93A5-8A72-40BC-8450-1837F79A8F6F}.Release|Any CPU.ActiveCfg = Release|Any CPU
		{9C1B93A5-8A72-40BC-8450-1837F79A8F6F}.Release|Any CPU.Build.0 = Release|Any CPU
	EndGlobalSection
	GlobalSection(SolutionProperties) = preSolution
		HideSolutionNode = FALSE
	EndGlobalSection
	GlobalSection(NestedProjects) = preSolution
		{0C44EC32-DBCF-4398-9D9B-CABE8100F8D2} = {E55C8822-5E58-4470-86C8-DE2B42063F5E}
		{53D5C7FF-B2ED-4D29-BDF6-9C04FD4ED07F} = {E55C8822-5E58-4470-86C8-DE2B42063F5E}
		{9C1B93A5-8A72-40BC-8450-1837F79A8F6F} = {E55C8822-5E58-4470-86C8-DE2B42063F5E}
	EndGlobalSection
	GlobalSection(ExtensibilityGlobals) = postSolution
		SolutionGuid = {B8DDCE4E-B410-4465-9FD0-31965E0E02CA}
	EndGlobalSection
EndGlobal
